// !$*UTF8*$!
{
	archiveVersion = 1;
	classes = {
	};
	objectVersion = 46;
	objects = {

/* Begin PBXBuildFile section */
		A51CE24D1F0164BE001CEA4D /* AppDelegate.swift in Sources */ = {isa = PBXBuildFile; fileRef = A51CE24C1F0164BE001CEA4D /* AppDelegate.swift */; };
		A51CE24F1F0164BE001CEA4D /* ViewController.swift in Sources */ = {isa = PBXBuildFile; fileRef = A51CE24E1F0164BE001CEA4D /* ViewController.swift */; };
		A51CE2541F0164BF001CEA4D /* Assets.xcassets in Resources */ = {isa = PBXBuildFile; fileRef = A51CE2531F0164BF001CEA4D /* Assets.xcassets */; };
		A51CE2571F0164BF001CEA4D /* LaunchScreen.storyboard in Resources */ = {isa = PBXBuildFile; fileRef = A51CE2551F0164BF001CEA4D /* LaunchScreen.storyboard */; };
		A51CE25F1F01689E001CEA4D /* NewsTableViewCell.swift in Sources */ = {isa = PBXBuildFile; fileRef = A51CE25E1F01689E001CEA4D /* NewsTableViewCell.swift */; };
		A51CE2611F017148001CEA4D /* FeedParser.swift in Sources */ = {isa = PBXBuildFile; fileRef = A51CE2601F017148001CEA4D /* FeedParser.swift */; };
/* End PBXBuildFile section */

/* Begin PBXFileReference section */
		A51CE2491F0164BE001CEA4D /* AppleNews.app */ = {isa = PBXFileReference; explicitFileType = wrapper.application; includeInIndex = 0; path = AppleNews.app; sourceTree = BUILT_PRODUCTS_DIR; };
		A51CE24C1F0164BE001CEA4D /* AppDelegate.swift */ = {isa = PBXFileReference; lastKnownFileType = sourcecode.swift; path = AppDelegate.swift; sourceTree = "<group>"; };
		A51CE24E1F0164BE001CEA4D /* ViewController.swift */ = {isa = PBXFileReference; lastKnownFileType = sourcecode.swift; path = ViewController.swift; sourceTree = "<group>"; };
		A51CE2531F0164BF001CEA4D /* Assets.xcassets */ = {isa = PBXFileReference; lastKnownFileType = folder.assetcatalog; path = Assets.xcassets; sourceTree = "<group>"; };
		A51CE2561F0164BF001CEA4D /* Base */ = {isa = PBXFileReference; lastKnownFileType = file.storyboard; name = Base; path = Base.lproj/LaunchScreen.storyboard; sourceTree = "<group>"; };
		A51CE2581F0164BF001CEA4D /* Info.plist */ = {isa = PBXFileReference; lastKnownFileType = text.plist.xml; path = Info.plist; sourceTree = "<group>"; };
		A51CE25E1F01689E001CEA4D /* NewsTableViewCell.swift */ = {isa = PBXFileReference; fileEncoding = 4; lastKnownFileType = sourcecode.swift; path = NewsTableViewCell.swift; sourceTree = "<group>"; };
		A51CE2601F017148001CEA4D /* FeedParser.swift */ = {isa = PBXFileReference; fileEncoding = 4; lastKnownFileType = sourcecode.swift; path = FeedParser.swift; sourceTree = "<group>"; };
/* End PBXFileReference section */

/* Begin PBXFrameworksBuildPhase section */
		A51CE2461F0164BE001CEA4D /* Frameworks */ = {
			isa = PBXFrameworksBuildPhase;
			buildActionMask = 2147483647;
			files = (
			);
			runOnlyForDeploymentPostprocessing = 0;
		};
/* End PBXFrameworksBuildPhase section */

/* Begin PBXGroup section */
		A51CE2401F0164BE001CEA4D = {
			isa = PBXGroup;
			children = (
				A51CE24B1F0164BE001CEA4D /* AppleNews */,
				A51CE24A1F0164BE001CEA4D /* Products */,
			);
			sourceTree = "<group>";
		};
		A51CE24A1F0164BE001CEA4D /* Products */ = {
			isa = PBXGroup;
			children = (
				A51CE2491F0164BE001CEA4D /* AppleNews.app */,
			);
			name = Products;
			sourceTree = "<group>";
		};
		A51CE24B1F0164BE001CEA4D /* AppleNews */ = {
			isa = PBXGroup;
			children = (
				A51CE24C1F0164BE001CEA4D /* AppDelegate.swift */,
				A51CE24E1F0164BE001CEA4D /* ViewController.swift */,
				A51CE2531F0164BF001CEA4D /* Assets.xcassets */,
				A51CE2551F0164BF001CEA4D /* LaunchScreen.storyboard */,
				A51CE2581F0164BF001CEA4D /* Info.plist */,
				A51CE25E1F01689E001CEA4D /* NewsTableViewCell.swift */,
				A51CE2601F017148001CEA4D /* FeedParser.swift */,
			);
			path = AppleNews;
			sourceTree = "<group>";
		};
/* End PBXGroup section */

/* Begin PBXNativeTarget section */
		A51CE2481F0164BE001CEA4D /* AppleNews */ = {
			isa = PBXNativeTarget;
			buildConfigurationList = A51CE25B1F0164BF001CEA4D /* Build configuration list for PBXNativeTarget "AppleNews" */;
			buildPhases = (
				A51CE2451F0164BE001CEA4D /* Sources */,
				A51CE2461F0164BE001CEA4D /* Frameworks */,
				A51CE2471F0164BE001CEA4D /* Resources */,
			);
			buildRules = (
			);
			dependencies = (
			);
			name = AppleNews;
			productName = AppleNews;
			productReference = A51CE2491F0164BE001CEA4D /* AppleNews.app */;
			productType = "com.apple.product-type.application";
		};
/* End PBXNativeTarget section */

/* Begin PBXProject section */
		A51CE2411F0164BE001CEA4D /* Project object */ = {
			isa = PBXProject;
			attributes = {
				LastSwiftUpdateCheck = 0830;
				LastUpgradeCheck = 0830;
				ORGANIZATIONNAME = Bear;
				TargetAttributes = {
					A51CE2481F0164BE001CEA4D = {
						CreatedOnToolsVersion = 8.3.3;
						DevelopmentTeam = 2FWNJCD9X7;
						ProvisioningStyle = Automatic;
					};
				};
			};
			buildConfigurationList = A51CE2441F0164BE001CEA4D /* Build configuration list for PBXProject "AppleNews" */;
			compatibilityVersion = "Xcode 3.2";
			developmentRegion = English;
			hasScannedForEncodings = 0;
			knownRegions = (
				en,
				Base,
			);
			mainGroup = A51CE2401F0164BE001CEA4D;
			productRefGroup = A51CE24A1F0164BE001CEA4D /* Products */;
			projectDirPath = "";
			projectRoot = "";
			targets = (
				A51CE2481F0164BE001CEA4D /* AppleNews */,
			);
		};
/* End PBXProject section */

/* Begin PBXResourcesBuildPhase section */
		A51CE2471F0164BE001CEA4D /* Resources */ = {
			isa = PBXResourcesBuildPhase;
			buildActionMask = 2147483647;
			files = (
				A51CE2571F0164BF001CEA4D /* LaunchScreen.storyboard in Resources */,
				A51CE2541F0164BF001CEA4D /* Assets.xcassets in Resources */,
			);
			runOnlyForDeploymentPostprocessing = 0;
		};
/* End PBXResourcesBuildPhase section */

/* Begin PBXSourcesBuildPhase section */
		A51CE2451F0164BE001CEA4D /* Sources */ = {
			isa = PBXSourcesBuildPhase;
			buildActionMask = 2147483647;
			files = (
				A51CE2611F017148001CEA4D /* FeedParser.swift in Sources */,
				A51CE24F1F0164BE001CEA4D /* ViewController.swift in Sources */,
				A51CE24D1F0164BE001CEA4D /* AppDelegate.swift in Sources */,
				A51CE25F1F01689E001CEA4D /* NewsTableViewCell.swift in Sources */,
			);
			runOnlyForDeploymentPostprocessing = 0;
		};
/* End PBXSourcesBuildPhase section */

/* Begin PBXVariantGroup section */
		A51CE2551F0164BF001CEA4D /* LaunchScreen.storyboard */ = {
			isa = PBXVariantGroup;
			children = (
				A51CE2561F0164BF001CEA4D /* Base */,
			);
			name = LaunchScreen.storyboard;
			sourceTree = "<group>";
		};
/* End PBXVariantGroup section */

/* Begin XCBuildConfiguration section */
		A51CE2591F0164BF001CEA4D /* Debug */ = {
			isa = XCBuildConfiguration;
			buildSettings = {
				ALWAYS_SEARCH_USER_PATHS = NO;
				CLANG_ANALYZER_NONNULL = YES;
				CLANG_ANALYZER_NUMBER_OBJECT_CONVERSION = YES_AGGRESSIVE;
				CLANG_CXX_LANGUAGE_STANDARD = "gnu++0x";
				CLANG_CXX_LIBRARY = "libc++";
				CLANG_ENABLE_MODULES = YES;
				CLANG_ENABLE_OBJC_ARC = YES;
				CLANG_WARN_BOOL_CONVERSION = YES;
				CLANG_WARN_CONSTANT_CONVERSION = YES;
				CLANG_WARN_DIRECT_OBJC_ISA_USAGE = YES_ERROR;
				CLANG_WARN_DOCUMENTATION_COMMENTS = YES;
				CLANG_WARN_EMPTY_BODY = YES;
				CLANG_WARN_ENUM_CONVERSION = YES;
				CLANG_WARN_INFINITE_RECURSION = YES;
				CLANG_WARN_INT_CONVERSION = YES;
				CLANG_WARN_OBJC_ROOT_CLASS = YES_ERROR;
				CLANG_WARN_SUSPICIOUS_MOVE = YES;
				CLANG_WARN_UNREACHABLE_CODE = YES;
				CLANG_WARN__DUPLICATE_METHOD_MATCH = YES;
				"CODE_SIGN_IDENTITY[sdk=iphoneos*]" = "iPhone Developer";
				COPY_PHASE_STRIP = NO;
				DEBUG_INFORMATION_FORMAT = dwarf;
				ENABLE_STRICT_OBJC_MSGSEND = YES;
				ENABLE_TESTABILITY = YES;
				GCC_C_LANGUAGE_STANDARD = gnu99;
				GCC_DYNAMIC_NO_PIC = NO;
				GCC_NO_COMMON_BLOCKS = YES;
				GCC_OPTIMIZATION_LEVEL = 0;
				GCC_PREPROCESSOR_DEFINITIONS = (
					"DEBUG=1",
					"$(inherited)",
				);
				GCC_WARN_64_TO_32_BIT_CONVERSION = YES;
				GCC_WARN_ABOUT_RETURN_TYPE = YES_ERROR;
				GCC_WARN_UNDECLARED_SELECTOR = YES;
				GCC_WARN_UNINITIALIZED_AUTOS = YES_AGGRESSIVE;
				GCC_WARN_UNUSED_FUNCTION = YES;
				GCC_WARN_UNUSED_VARIABLE = YES;
				IPHONEOS_DEPLOYMENT_TARGET = 10.3;
				MTL_ENABLE_DEBUG_INFO = YES;
				ONLY_ACTIVE_ARCH = YES;
				SDKROOT = iphoneos;
				SWIFT_ACTIVE_COMPILATION_CONDITIONS = DEBUG;
				SWIFT_OPTIMIZATION_LEVEL = "-Onone";
			};
			name = Debug;
		};
		A51CE25A1F0164BF001CEA4D /* Release */ = {
			isa = XCBuildConfiguration;
			buildSettings = {
				ALWAYS_SEARCH_USER_PATHS = NO;
				CLANG_ANALYZER_NONNULL = YES;
				CLANG_ANALYZER_NUMBER_OBJECT_CONVERSION = YES_AGGRESSIVE;
				CLANG_CXX_LANGUAGE_STANDARD = "gnu++0x";
				CLANG_CXX_LIBRARY = "libc++";
				CLANG_ENABLE_MODULES = YES;
				CLANG_ENABLE_OBJC_ARC = YES;
				CLANG_WARN_BOOL_CONVERSION = YES;
				CLANG_WARN_CONSTANT_CONVERSION = YES;
				CLANG_WARN_DIRECT_OBJC_ISA_USAGE = YES_ERROR;
				CLANG_WARN_DOCUMENTATION_COMMENTS = YES;
				CLANG_WARN_EMPTY_BODY = YES;
				CLANG_WARN_ENUM_CONVERSION = YES;
				CLANG_WARN_INFINITE_RECURSION = YES;
				CLANG_WARN_INT_CONVERSION = YES;
				CLANG_WARN_OBJC_ROOT_CLASS = YES_ERROR;
				CLANG_WARN_SUSPICIOUS_MOVE = YES;
				CLANG_WARN_UNREACHABLE_CODE = YES;
				CLANG_WARN__DUPLICATE_METHOD_MATCH = YES;
				"CODE_SIGN_IDENTITY[sdk=iphoneos*]" = "iPhone Developer";
				COPY_PHASE_STRIP = NO;
				DEBUG_INFORMATION_FORMAT = "dwarf-with-dsym";
				ENABLE_NS_ASSERTIONS = NO;
				ENABLE_STRICT_OBJC_MSGSEND = YES;
				GCC_C_LANGUAGE_STANDARD = gnu99;
				GCC_NO_COMMON_BLOCKS = YES;
				GCC_WARN_64_TO_32_BIT_CONVERSION = YES;
				GCC_WARN_ABOUT_RETURN_TYPE = YES_ERROR;
				GCC_WARN_UNDECLARED_SELECTOR = YES;
				GCC_WARN_UNINITIALIZED_AUTOS = YES_AGGRESSIVE;
				GCC_WARN_UNUSED_FUNCTION = YES;
				GCC_WARN_UNUSED_VARIABLE = YES;
				IPHONEOS_DEPLOYMENT_TARGET = 10.3;
				MTL_ENABLE_DEBUG_INFO = NO;
				SDKROOT = iphoneos;
				SWIFT_OPTIMIZATION_LEVEL = "-Owholemodule";
				VALIDATE_PRODUCT = YES;
			};
			name = Release;
		};
		A51CE25C1F0164BF001CEA4D /* Debug */ = {
			isa = XCBuildConfiguration;
			buildSettings = {
				ASSETCATALOG_COMPILER_APPICON_NAME = AppIcon;
				DEVELOPMENT_TEAM = 2FWNJCD9X7;
				INFOPLIST_FILE = AppleNews/Info.plist;
				LD_RUNPATH_SEARCH_PATHS = "$(inherited) @executable_path/Frameworks";
				PRODUCT_BUNDLE_IDENTIFIER = com.crazybear.AppleNews;
				PRODUCT_NAME = "$(TARGET_NAME)";
				SWIFT_VERSION = 3.0;
			};
			name = Debug;
		};
		A51CE25D1F0164BF001CEA4D /* Release */ = {
			isa = XCBuildConfiguration;
			buildSettings = {
				ASSETCATALOG_COMPILER_APPICON_NAME = AppIcon;
				DEVELOPMENT_TEAM = 2FWNJCD9X7;
				INFOPLIST_FILE = AppleNews/Info.plist;
				LD_RUNPATH_SEARCH_PATHS = "$(inherited) @executable_path/Frameworks";
				PRODUCT_BUNDLE_IDENTIFIER = com.crazybear.AppleNews;
				PRODUCT_NAME = "$(TARGET_NAME)";
				SWIFT_VERSION = 3.0;
			};
			name = Release;
		};
/* End XCBuildConfiguration section */

/* Begin XCConfigurationList section */
		A51CE2441F0164BE001CEA4D /* Build configuration list for PBXProject "AppleNews" */ = {
			isa = XCConfigurationList;
			buildConfigurations = (
				A51CE2591F0164BF001CEA4D /* Debug */,
				A51CE25A1F0164BF001CEA4D /* Release */,
			);
			defaultConfigurationIsVisible = 0;
			defaultConfigurationName = Release;
		};
		A51CE25B1F0164BF001CEA4D /* Build configuration list for PBXNativeTarget "AppleNews" */ = {
			isa = XCConfigurationList;
			buildConfigurations = (
				A51CE25C1F0164BF001CEA4D /* Debug */,
				A51CE25D1F0164BF001CEA4D /* Release */,
			);
			defaultConfigurationIsVisible = 0;
		};
/* End XCConfigurationList section */
	};
	rootObject = A51CE2411F0164BE001CEA4D /* Project object */;
}
