// !$*UTF8*$!
{
	archiveVersion = 1;
	classes = {
	};
	objectVersion = 46;
	objects = {

/* Begin PBXBuildFile section */
		099CF9281F00DE2F00270462 /* ArtistTableViewCell.swift in Sources */ = {isa = PBXBuildFile; fileRef = 099CF9271F00DE2F00270462 /* ArtistTableViewCell.swift */; };
		099CF92A1F00E32400270462 /* WorksViewController.swift in Sources */ = {isa = PBXBuildFile; fileRef = 099CF9291F00E32400270462 /* WorksViewController.swift */; };
		099CF92C1F00EA2A00270462 /* WorkDetailTableViewCell.swift in Sources */ = {isa = PBXBuildFile; fileRef = 099CF92B1F00EA2A00270462 /* WorkDetailTableViewCell.swift */; };
		09FA7FF71F0090BD00651946 /* AppDelegate.swift in Sources */ = {isa = PBXBuildFile; fileRef = 09FA7FF61F0090BD00651946 /* AppDelegate.swift */; };
		09FA7FF91F0090BD00651946 /* ViewController.swift in Sources */ = {isa = PBXBuildFile; fileRef = 09FA7FF81F0090BD00651946 /* ViewController.swift */; };
		09FA7FFE1F0090BD00651946 /* Assets.xcassets in Resources */ = {isa = PBXBuildFile; fileRef = 09FA7FFD1F0090BD00651946 /* Assets.xcassets */; };
		09FA80011F0090BD00651946 /* LaunchScreen.storyboard in Resources */ = {isa = PBXBuildFile; fileRef = 09FA7FFF1F0090BD00651946 /* LaunchScreen.storyboard */; };
		09FA800A1F0091DE00651946 /* artists.json in Resources */ = {isa = PBXBuildFile; fileRef = 09FA80091F0091DE00651946 /* artists.json */; };
		09FA800D1F0092A800651946 /* Artist.swift in Sources */ = {isa = PBXBuildFile; fileRef = 09FA800C1F0092A800651946 /* Artist.swift */; };
/* End PBXBuildFile section */

/* Begin PBXFileReference section */
		099CF9271F00DE2F00270462 /* ArtistTableViewCell.swift */ = {isa = PBXFileReference; fileEncoding = 4; lastKnownFileType = sourcecode.swift; path = ArtistTableViewCell.swift; sourceTree = "<group>"; };
		099CF9291F00E32400270462 /* WorksViewController.swift */ = {isa = PBXFileReference; fileEncoding = 4; lastKnownFileType = sourcecode.swift; path = WorksViewController.swift; sourceTree = "<group>"; };
		099CF92B1F00EA2A00270462 /* WorkDetailTableViewCell.swift */ = {isa = PBXFileReference; fileEncoding = 4; lastKnownFileType = sourcecode.swift; path = WorkDetailTableViewCell.swift; sourceTree = "<group>"; };
		09FA7FF31F0090BD00651946 /* ArtList.app */ = {isa = PBXFileReference; explicitFileType = wrapper.application; includeInIndex = 0; path = ArtList.app; sourceTree = BUILT_PRODUCTS_DIR; };
		09FA7FF61F0090BD00651946 /* AppDelegate.swift */ = {isa = PBXFileReference; lastKnownFileType = sourcecode.swift; path = AppDelegate.swift; sourceTree = "<group>"; };
		09FA7FF81F0090BD00651946 /* ViewController.swift */ = {isa = PBXFileReference; lastKnownFileType = sourcecode.swift; path = ViewController.swift; sourceTree = "<group>"; };
		09FA7FFD1F0090BD00651946 /* Assets.xcassets */ = {isa = PBXFileReference; lastKnownFileType = folder.assetcatalog; path = Assets.xcassets; sourceTree = "<group>"; };
		09FA80001F0090BD00651946 /* Base */ = {isa = PBXFileReference; lastKnownFileType = file.storyboard; name = Base; path = Base.lproj/LaunchScreen.storyboard; sourceTree = "<group>"; };
		09FA80021F0090BD00651946 /* Info.plist */ = {isa = PBXFileReference; lastKnownFileType = text.plist.xml; path = Info.plist; sourceTree = "<group>"; };
		09FA80091F0091DE00651946 /* artists.json */ = {isa = PBXFileReference; fileEncoding = 4; lastKnownFileType = text.json; path = artists.json; sourceTree = "<group>"; };
		09FA800C1F0092A800651946 /* Artist.swift */ = {isa = PBXFileReference; fileEncoding = 4; lastKnownFileType = sourcecode.swift; path = Artist.swift; sourceTree = "<group>"; };
/* End PBXFileReference section */

/* Begin PBXFrameworksBuildPhase section */
		09FA7FF01F0090BD00651946 /* Frameworks */ = {
			isa = PBXFrameworksBuildPhase;
			buildActionMask = 2147483647;
			files = (
			);
			runOnlyForDeploymentPostprocessing = 0;
		};
/* End PBXFrameworksBuildPhase section */

/* Begin PBXGroup section */
		099CF9261F00DDF500270462 /* Cell */ = {
			isa = PBXGroup;
			children = (
				099CF9271F00DE2F00270462 /* ArtistTableViewCell.swift */,
				099CF92B1F00EA2A00270462 /* WorkDetailTableViewCell.swift */,
			);
			name = Cell;
			sourceTree = "<group>";
		};
		09FA7FEA1F0090BD00651946 = {
			isa = PBXGroup;
			children = (
				09FA7FF51F0090BD00651946 /* ArtList */,
				09FA7FF41F0090BD00651946 /* Products */,
			);
			sourceTree = "<group>";
		};
		09FA7FF41F0090BD00651946 /* Products */ = {
			isa = PBXGroup;
			children = (
				09FA7FF31F0090BD00651946 /* ArtList.app */,
			);
			name = Products;
			sourceTree = "<group>";
		};
		09FA7FF51F0090BD00651946 /* ArtList */ = {
			isa = PBXGroup;
			children = (
				099CF9261F00DDF500270462 /* Cell */,
				09FA800B1F0091F200651946 /* Model */,
				09FA80081F0091D100651946 /* Resource */,
				09FA7FF61F0090BD00651946 /* AppDelegate.swift */,
				09FA7FF81F0090BD00651946 /* ViewController.swift */,
				09FA7FFD1F0090BD00651946 /* Assets.xcassets */,
				09FA7FFF1F0090BD00651946 /* LaunchScreen.storyboard */,
				09FA80021F0090BD00651946 /* Info.plist */,
				099CF9291F00E32400270462 /* WorksViewController.swift */,
			);
			path = ArtList;
			sourceTree = "<group>";
		};
		09FA80081F0091D100651946 /* Resource */ = {
			isa = PBXGroup;
			children = (
				09FA80091F0091DE00651946 /* artists.json */,
			);
			name = Resource;
			sourceTree = "<group>";
		};
		09FA800B1F0091F200651946 /* Model */ = {
			isa = PBXGroup;
			children = (
				09FA800C1F0092A800651946 /* Artist.swift */,
			);
			name = Model;
			sourceTree = "<group>";
		};
/* End PBXGroup section */

/* Begin PBXNativeTarget section */
		09FA7FF21F0090BD00651946 /* ArtList */ = {
			isa = PBXNativeTarget;
			buildConfigurationList = 09FA80051F0090BD00651946 /* Build configuration list for PBXNativeTarget "ArtList" */;
			buildPhases = (
				09FA7FEF1F0090BD00651946 /* Sources */,
				09FA7FF01F0090BD00651946 /* Frameworks */,
				09FA7FF11F0090BD00651946 /* Resources */,
			);
			buildRules = (
			);
			dependencies = (
			);
			name = ArtList;
			productName = ArtList;
			productReference = 09FA7FF31F0090BD00651946 /* ArtList.app */;
			productType = "com.apple.product-type.application";
		};
/* End PBXNativeTarget section */

/* Begin PBXProject section */
		09FA7FEB1F0090BD00651946 /* Project object */ = {
			isa = PBXProject;
			attributes = {
				LastSwiftUpdateCheck = 0830;
				LastUpgradeCheck = 0830;
				ORGANIZATIONNAME = Bear;
				TargetAttributes = {
					09FA7FF21F0090BD00651946 = {
						CreatedOnToolsVersion = 8.3.3;
						DevelopmentTeam = 2FWNJCD9X7;
						ProvisioningStyle = Automatic;
					};
				};
			};
			buildConfigurationList = 09FA7FEE1F0090BD00651946 /* Build configuration list for PBXProject "ArtList" */;
			compatibilityVersion = "Xcode 3.2";
			developmentRegion = English;
			hasScannedForEncodings = 0;
			knownRegions = (
				en,
				Base,
			);
			mainGroup = 09FA7FEA1F0090BD00651946;
			productRefGroup = 09FA7FF41F0090BD00651946 /* Products */;
			projectDirPath = "";
			projectRoot = "";
			targets = (
				09FA7FF21F0090BD00651946 /* ArtList */,
			);
		};
/* End PBXProject section */

/* Begin PBXResourcesBuildPhase section */
		09FA7FF11F0090BD00651946 /* Resources */ = {
			isa = PBXResourcesBuildPhase;
			buildActionMask = 2147483647;
			files = (
				09FA80011F0090BD00651946 /* LaunchScreen.storyboard in Resources */,
				09FA800A1F0091DE00651946 /* artists.json in Resources */,
				09FA7FFE1F0090BD00651946 /* Assets.xcassets in Resources */,
			);
			runOnlyForDeploymentPostprocessing = 0;
		};
/* End PBXResourcesBuildPhase section */

/* Begin PBXSourcesBuildPhase section */
		09FA7FEF1F0090BD00651946 /* Sources */ = {
			isa = PBXSourcesBuildPhase;
			buildActionMask = 2147483647;
			files = (
				099CF92A1F00E32400270462 /* WorksViewController.swift in Sources */,
				099CF92C1F00EA2A00270462 /* WorkDetailTableViewCell.swift in Sources */,
				09FA800D1F0092A800651946 /* Artist.swift in Sources */,
				09FA7FF91F0090BD00651946 /* ViewController.swift in Sources */,
				099CF9281F00DE2F00270462 /* ArtistTableViewCell.swift in Sources */,
				09FA7FF71F0090BD00651946 /* AppDelegate.swift in Sources */,
			);
			runOnlyForDeploymentPostprocessing = 0;
		};
/* End PBXSourcesBuildPhase section */

/* Begin PBXVariantGroup section */
		09FA7FFF1F0090BD00651946 /* LaunchScreen.storyboard */ = {
			isa = PBXVariantGroup;
			children = (
				09FA80001F0090BD00651946 /* Base */,
			);
			name = LaunchScreen.storyboard;
			sourceTree = "<group>";
		};
/* End PBXVariantGroup section */

/* Begin XCBuildConfiguration section */
		09FA80031F0090BD00651946 /* Debug */ = {
			isa = XCBuildConfiguration;
			buildSettings = {
				ALWAYS_SEARCH_USER_PATHS = NO;
				CLANG_ANALYZER_NONNULL = YES;
				CLANG_ANALYZER_NUMBER_OBJECT_CONVERSION = YES_AGGRESSIVE;
				CLANG_CXX_LANGUAGE_STANDARD = "gnu++0x";
				CLANG_CXX_LIBRARY = "libc++";
				CLANG_ENABLE_MODULES = YES;
				CLANG_ENABLE_OBJC_ARC = YES;
				CLANG_WARN_BOOL_CONVERSION = YES;
				CLANG_WARN_CONSTANT_CONVERSION = YES;
				CLANG_WARN_DIRECT_OBJC_ISA_USAGE = YES_ERROR;
				CLANG_WARN_DOCUMENTATION_COMMENTS = YES;
				CLANG_WARN_EMPTY_BODY = YES;
				CLANG_WARN_ENUM_CONVERSION = YES;
				CLANG_WARN_INFINITE_RECURSION = YES;
				CLANG_WARN_INT_CONVERSION = YES;
				CLANG_WARN_OBJC_ROOT_CLASS = YES_ERROR;
				CLANG_WARN_SUSPICIOUS_MOVE = YES;
				CLANG_WARN_UNREACHABLE_CODE = YES;
				CLANG_WARN__DUPLICATE_METHOD_MATCH = YES;
				"CODE_SIGN_IDENTITY[sdk=iphoneos*]" = "iPhone Developer";
				COPY_PHASE_STRIP = NO;
				DEBUG_INFORMATION_FORMAT = dwarf;
				ENABLE_STRICT_OBJC_MSGSEND = YES;
				ENABLE_TESTABILITY = YES;
				GCC_C_LANGUAGE_STANDARD = gnu99;
				GCC_DYNAMIC_NO_PIC = NO;
				GCC_NO_COMMON_BLOCKS = YES;
				GCC_OPTIMIZATION_LEVEL = 0;
				GCC_PREPROCESSOR_DEFINITIONS = (
					"DEBUG=1",
					"$(inherited)",
				);
				GCC_WARN_64_TO_32_BIT_CONVERSION = YES;
				GCC_WARN_ABOUT_RETURN_TYPE = YES_ERROR;
				GCC_WARN_UNDECLARED_SELECTOR = YES;
				GCC_WARN_UNINITIALIZED_AUTOS = YES_AGGRESSIVE;
				GCC_WARN_UNUSED_FUNCTION = YES;
				GCC_WARN_UNUSED_VARIABLE = YES;
				IPHONEOS_DEPLOYMENT_TARGET = 10.3;
				MTL_ENABLE_DEBUG_INFO = YES;
				ONLY_ACTIVE_ARCH = YES;
				SDKROOT = iphoneos;
				SWIFT_ACTIVE_COMPILATION_CONDITIONS = DEBUG;
				SWIFT_OPTIMIZATION_LEVEL = "-Onone";
			};
			name = Debug;
		};
		09FA80041F0090BD00651946 /* Release */ = {
			isa = XCBuildConfiguration;
			buildSettings = {
				ALWAYS_SEARCH_USER_PATHS = NO;
				CLANG_ANALYZER_NONNULL = YES;
				CLANG_ANALYZER_NUMBER_OBJECT_CONVERSION = YES_AGGRESSIVE;
				CLANG_CXX_LANGUAGE_STANDARD = "gnu++0x";
				CLANG_CXX_LIBRARY = "libc++";
				CLANG_ENABLE_MODULES = YES;
				CLANG_ENABLE_OBJC_ARC = YES;
				CLANG_WARN_BOOL_CONVERSION = YES;
				CLANG_WARN_CONSTANT_CONVERSION = YES;
				CLANG_WARN_DIRECT_OBJC_ISA_USAGE = YES_ERROR;
				CLANG_WARN_DOCUMENTATION_COMMENTS = YES;
				CLANG_WARN_EMPTY_BODY = YES;
				CLANG_WARN_ENUM_CONVERSION = YES;
				CLANG_WARN_INFINITE_RECURSION = YES;
				CLANG_WARN_INT_CONVERSION = YES;
				CLANG_WARN_OBJC_ROOT_CLASS = YES_ERROR;
				CLANG_WARN_SUSPICIOUS_MOVE = YES;
				CLANG_WARN_UNREACHABLE_CODE = YES;
				CLANG_WARN__DUPLICATE_METHOD_MATCH = YES;
				"CODE_SIGN_IDENTITY[sdk=iphoneos*]" = "iPhone Developer";
				COPY_PHASE_STRIP = NO;
				DEBUG_INFORMATION_FORMAT = "dwarf-with-dsym";
				ENABLE_NS_ASSERTIONS = NO;
				ENABLE_STRICT_OBJC_MSGSEND = YES;
				GCC_C_LANGUAGE_STANDARD = gnu99;
				GCC_NO_COMMON_BLOCKS = YES;
				GCC_WARN_64_TO_32_BIT_CONVERSION = YES;
				GCC_WARN_ABOUT_RETURN_TYPE = YES_ERROR;
				GCC_WARN_UNDECLARED_SELECTOR = YES;
				GCC_WARN_UNINITIALIZED_AUTOS = YES_AGGRESSIVE;
				GCC_WARN_UNUSED_FUNCTION = YES;
				GCC_WARN_UNUSED_VARIABLE = YES;
				IPHONEOS_DEPLOYMENT_TARGET = 10.3;
				MTL_ENABLE_DEBUG_INFO = NO;
				SDKROOT = iphoneos;
				SWIFT_OPTIMIZATION_LEVEL = "-Owholemodule";
				VALIDATE_PRODUCT = YES;
			};
			name = Release;
		};
		09FA80061F0090BD00651946 /* Debug */ = {
			isa = XCBuildConfiguration;
			buildSettings = {
				ASSETCATALOG_COMPILER_APPICON_NAME = AppIcon;
				DEVELOPMENT_TEAM = 2FWNJCD9X7;
				INFOPLIST_FILE = ArtList/Info.plist;
				LD_RUNPATH_SEARCH_PATHS = "$(inherited) @executable_path/Frameworks";
				PRODUCT_BUNDLE_IDENTIFIER = com.beargerhunter.ArtList;
				PRODUCT_NAME = "$(TARGET_NAME)";
				SWIFT_VERSION = 3.0;
			};
			name = Debug;
		};
		09FA80071F0090BD00651946 /* Release */ = {
			isa = XCBuildConfiguration;
			buildSettings = {
				ASSETCATALOG_COMPILER_APPICON_NAME = AppIcon;
				DEVELOPMENT_TEAM = 2FWNJCD9X7;
				INFOPLIST_FILE = ArtList/Info.plist;
				LD_RUNPATH_SEARCH_PATHS = "$(inherited) @executable_path/Frameworks";
				PRODUCT_BUNDLE_IDENTIFIER = com.beargerhunter.ArtList;
				PRODUCT_NAME = "$(TARGET_NAME)";
				SWIFT_VERSION = 3.0;
			};
			name = Release;
		};
/* End XCBuildConfiguration section */

/* Begin XCConfigurationList section */
		09FA7FEE1F0090BD00651946 /* Build configuration list for PBXProject "ArtList" */ = {
			isa = XCConfigurationList;
			buildConfigurations = (
				09FA80031F0090BD00651946 /* Debug */,
				09FA80041F0090BD00651946 /* Release */,
			);
			defaultConfigurationIsVisible = 0;
			defaultConfigurationName = Release;
		};
		09FA80051F0090BD00651946 /* Build configuration list for PBXNativeTarget "ArtList" */ = {
			isa = XCConfigurationList;
			buildConfigurations = (
				09FA80061F0090BD00651946 /* Debug */,
				09FA80071F0090BD00651946 /* Release */,
			);
			defaultConfigurationIsVisible = 0;
			defaultConfigurationName = Release;
		};
/* End XCConfigurationList section */
	};
	rootObject = 09FA7FEB1F0090BD00651946 /* Project object */;
}
