// !$*UTF8*$!
{
	archiveVersion = 1;
	classes = {
	};
	objectVersion = 46;
	objects = {

/* Begin PBXBuildFile section */
		09725DE81F46AE8A00FEBAC8 /* AppDelegate.swift in Sources */ = {isa = PBXBuildFile; fileRef = 09725DE71F46AE8A00FEBAC8 /* AppDelegate.swift */; };
		09725DEA1F46AE8B00FEBAC8 /* ViewController.swift in Sources */ = {isa = PBXBuildFile; fileRef = 09725DE91F46AE8B00FEBAC8 /* ViewController.swift */; };
		09725DEF1F46AE8B00FEBAC8 /* Assets.xcassets in Resources */ = {isa = PBXBuildFile; fileRef = 09725DEE1F46AE8B00FEBAC8 /* Assets.xcassets */; };
		09725DF21F46AE8B00FEBAC8 /* LaunchScreen.storyboard in Resources */ = {isa = PBXBuildFile; fileRef = 09725DF01F46AE8B00FEBAC8 /* LaunchScreen.storyboard */; };
		09725DFC1F46B70F00FEBAC8 /* image.jpg in Resources */ = {isa = PBXBuildFile; fileRef = 09725DFB1F46B70F00FEBAC8 /* image.jpg */; };
		09725DFE1F46DB7000FEBAC8 /* qipao.png in Resources */ = {isa = PBXBuildFile; fileRef = 09725DFD1F46DB7000FEBAC8 /* qipao.png */; };
/* End PBXBuildFile section */

/* Begin PBXFileReference section */
		09725DE41F46AE8A00FEBAC8 /* ImageDemo.app */ = {isa = PBXFileReference; explicitFileType = wrapper.application; includeInIndex = 0; path = ImageDemo.app; sourceTree = BUILT_PRODUCTS_DIR; };
		09725DE71F46AE8A00FEBAC8 /* AppDelegate.swift */ = {isa = PBXFileReference; lastKnownFileType = sourcecode.swift; path = AppDelegate.swift; sourceTree = "<group>"; };
		09725DE91F46AE8B00FEBAC8 /* ViewController.swift */ = {isa = PBXFileReference; lastKnownFileType = sourcecode.swift; path = ViewController.swift; sourceTree = "<group>"; };
		09725DEE1F46AE8B00FEBAC8 /* Assets.xcassets */ = {isa = PBXFileReference; lastKnownFileType = folder.assetcatalog; path = Assets.xcassets; sourceTree = "<group>"; };
		09725DF11F46AE8B00FEBAC8 /* Base */ = {isa = PBXFileReference; lastKnownFileType = file.storyboard; name = Base; path = Base.lproj/LaunchScreen.storyboard; sourceTree = "<group>"; };
		09725DF31F46AE8B00FEBAC8 /* Info.plist */ = {isa = PBXFileReference; lastKnownFileType = text.plist.xml; path = Info.plist; sourceTree = "<group>"; };
		09725DFB1F46B70F00FEBAC8 /* image.jpg */ = {isa = PBXFileReference; lastKnownFileType = image.jpeg; path = image.jpg; sourceTree = "<group>"; };
		09725DFD1F46DB7000FEBAC8 /* qipao.png */ = {isa = PBXFileReference; lastKnownFileType = image.png; path = qipao.png; sourceTree = "<group>"; };
/* End PBXFileReference section */

/* Begin PBXFrameworksBuildPhase section */
		09725DE11F46AE8A00FEBAC8 /* Frameworks */ = {
			isa = PBXFrameworksBuildPhase;
			buildActionMask = 2147483647;
			files = (
			);
			runOnlyForDeploymentPostprocessing = 0;
		};
/* End PBXFrameworksBuildPhase section */

/* Begin PBXGroup section */
		09725DDB1F46AE8A00FEBAC8 = {
			isa = PBXGroup;
			children = (
				09725DE61F46AE8A00FEBAC8 /* ImageDemo */,
				09725DE51F46AE8A00FEBAC8 /* Products */,
			);
			sourceTree = "<group>";
		};
		09725DE51F46AE8A00FEBAC8 /* Products */ = {
			isa = PBXGroup;
			children = (
				09725DE41F46AE8A00FEBAC8 /* ImageDemo.app */,
			);
			name = Products;
			sourceTree = "<group>";
		};
		09725DE61F46AE8A00FEBAC8 /* ImageDemo */ = {
			isa = PBXGroup;
			children = (
				09725DE71F46AE8A00FEBAC8 /* AppDelegate.swift */,
				09725DE91F46AE8B00FEBAC8 /* ViewController.swift */,
				09725DFB1F46B70F00FEBAC8 /* image.jpg */,
				09725DFD1F46DB7000FEBAC8 /* qipao.png */,
				09725DEE1F46AE8B00FEBAC8 /* Assets.xcassets */,
				09725DF01F46AE8B00FEBAC8 /* LaunchScreen.storyboard */,
				09725DF31F46AE8B00FEBAC8 /* Info.plist */,
			);
			path = ImageDemo;
			sourceTree = "<group>";
		};
/* End PBXGroup section */

/* Begin PBXNativeTarget section */
		09725DE31F46AE8A00FEBAC8 /* ImageDemo */ = {
			isa = PBXNativeTarget;
			buildConfigurationList = 09725DF61F46AE8B00FEBAC8 /* Build configuration list for PBXNativeTarget "ImageDemo" */;
			buildPhases = (
				09725DE01F46AE8A00FEBAC8 /* Sources */,
				09725DE11F46AE8A00FEBAC8 /* Frameworks */,
				09725DE21F46AE8A00FEBAC8 /* Resources */,
			);
			buildRules = (
			);
			dependencies = (
			);
			name = ImageDemo;
			productName = ImageDemo;
			productReference = 09725DE41F46AE8A00FEBAC8 /* ImageDemo.app */;
			productType = "com.apple.product-type.application";
		};
/* End PBXNativeTarget section */

/* Begin PBXProject section */
		09725DDC1F46AE8A00FEBAC8 /* Project object */ = {
			isa = PBXProject;
			attributes = {
				LastSwiftUpdateCheck = 0830;
				LastUpgradeCheck = 0830;
				ORGANIZATIONNAME = Bear;
				TargetAttributes = {
					09725DE31F46AE8A00FEBAC8 = {
						CreatedOnToolsVersion = 8.3.3;
						DevelopmentTeam = 2FWNJCD9X7;
						ProvisioningStyle = Automatic;
					};
				};
			};
			buildConfigurationList = 09725DDF1F46AE8A00FEBAC8 /* Build configuration list for PBXProject "ImageDemo" */;
			compatibilityVersion = "Xcode 3.2";
			developmentRegion = English;
			hasScannedForEncodings = 0;
			knownRegions = (
				en,
				Base,
			);
			mainGroup = 09725DDB1F46AE8A00FEBAC8;
			productRefGroup = 09725DE51F46AE8A00FEBAC8 /* Products */;
			projectDirPath = "";
			projectRoot = "";
			targets = (
				09725DE31F46AE8A00FEBAC8 /* ImageDemo */,
			);
		};
/* End PBXProject section */

/* Begin PBXResourcesBuildPhase section */
		09725DE21F46AE8A00FEBAC8 /* Resources */ = {
			isa = PBXResourcesBuildPhase;
			buildActionMask = 2147483647;
			files = (
				09725DF21F46AE8B00FEBAC8 /* LaunchScreen.storyboard in Resources */,
				09725DEF1F46AE8B00FEBAC8 /* Assets.xcassets in Resources */,
				09725DFE1F46DB7000FEBAC8 /* qipao.png in Resources */,
				09725DFC1F46B70F00FEBAC8 /* image.jpg in Resources */,
			);
			runOnlyForDeploymentPostprocessing = 0;
		};
/* End PBXResourcesBuildPhase section */

/* Begin PBXSourcesBuildPhase section */
		09725DE01F46AE8A00FEBAC8 /* Sources */ = {
			isa = PBXSourcesBuildPhase;
			buildActionMask = 2147483647;
			files = (
				09725DEA1F46AE8B00FEBAC8 /* ViewController.swift in Sources */,
				09725DE81F46AE8A00FEBAC8 /* AppDelegate.swift in Sources */,
			);
			runOnlyForDeploymentPostprocessing = 0;
		};
/* End PBXSourcesBuildPhase section */

/* Begin PBXVariantGroup section */
		09725DF01F46AE8B00FEBAC8 /* LaunchScreen.storyboard */ = {
			isa = PBXVariantGroup;
			children = (
				09725DF11F46AE8B00FEBAC8 /* Base */,
			);
			name = LaunchScreen.storyboard;
			sourceTree = "<group>";
		};
/* End PBXVariantGroup section */

/* Begin XCBuildConfiguration section */
		09725DF41F46AE8B00FEBAC8 /* Debug */ = {
			isa = XCBuildConfiguration;
			buildSettings = {
				ALWAYS_SEARCH_USER_PATHS = NO;
				CLANG_ANALYZER_NONNULL = YES;
				CLANG_ANALYZER_NUMBER_OBJECT_CONVERSION = YES_AGGRESSIVE;
				CLANG_CXX_LANGUAGE_STANDARD = "gnu++0x";
				CLANG_CXX_LIBRARY = "libc++";
				CLANG_ENABLE_MODULES = YES;
				CLANG_ENABLE_OBJC_ARC = YES;
				CLANG_WARN_BOOL_CONVERSION = YES;
				CLANG_WARN_CONSTANT_CONVERSION = YES;
				CLANG_WARN_DIRECT_OBJC_ISA_USAGE = YES_ERROR;
				CLANG_WARN_DOCUMENTATION_COMMENTS = YES;
				CLANG_WARN_EMPTY_BODY = YES;
				CLANG_WARN_ENUM_CONVERSION = YES;
				CLANG_WARN_INFINITE_RECURSION = YES;
				CLANG_WARN_INT_CONVERSION = YES;
				CLANG_WARN_OBJC_ROOT_CLASS = YES_ERROR;
				CLANG_WARN_SUSPICIOUS_MOVE = YES;
				CLANG_WARN_UNREACHABLE_CODE = YES;
				CLANG_WARN__DUPLICATE_METHOD_MATCH = YES;
				"CODE_SIGN_IDENTITY[sdk=iphoneos*]" = "iPhone Developer";
				COPY_PHASE_STRIP = NO;
				DEBUG_INFORMATION_FORMAT = dwarf;
				ENABLE_STRICT_OBJC_MSGSEND = YES;
				ENABLE_TESTABILITY = YES;
				GCC_C_LANGUAGE_STANDARD = gnu99;
				GCC_DYNAMIC_NO_PIC = NO;
				GCC_NO_COMMON_BLOCKS = YES;
				GCC_OPTIMIZATION_LEVEL = 0;
				GCC_PREPROCESSOR_DEFINITIONS = (
					"DEBUG=1",
					"$(inherited)",
				);
				GCC_WARN_64_TO_32_BIT_CONVERSION = YES;
				GCC_WARN_ABOUT_RETURN_TYPE = YES_ERROR;
				GCC_WARN_UNDECLARED_SELECTOR = YES;
				GCC_WARN_UNINITIALIZED_AUTOS = YES_AGGRESSIVE;
				GCC_WARN_UNUSED_FUNCTION = YES;
				GCC_WARN_UNUSED_VARIABLE = YES;
				IPHONEOS_DEPLOYMENT_TARGET = 10.3;
				MTL_ENABLE_DEBUG_INFO = YES;
				ONLY_ACTIVE_ARCH = YES;
				SDKROOT = iphoneos;
				SWIFT_ACTIVE_COMPILATION_CONDITIONS = DEBUG;
				SWIFT_OPTIMIZATION_LEVEL = "-Onone";
			};
			name = Debug;
		};
		09725DF51F46AE8B00FEBAC8 /* Release */ = {
			isa = XCBuildConfiguration;
			buildSettings = {
				ALWAYS_SEARCH_USER_PATHS = NO;
				CLANG_ANALYZER_NONNULL = YES;
				CLANG_ANALYZER_NUMBER_OBJECT_CONVERSION = YES_AGGRESSIVE;
				CLANG_CXX_LANGUAGE_STANDARD = "gnu++0x";
				CLANG_CXX_LIBRARY = "libc++";
				CLANG_ENABLE_MODULES = YES;
				CLANG_ENABLE_OBJC_ARC = YES;
				CLANG_WARN_BOOL_CONVERSION = YES;
				CLANG_WARN_CONSTANT_CONVERSION = YES;
				CLANG_WARN_DIRECT_OBJC_ISA_USAGE = YES_ERROR;
				CLANG_WARN_DOCUMENTATION_COMMENTS = YES;
				CLANG_WARN_EMPTY_BODY = YES;
				CLANG_WARN_ENUM_CONVERSION = YES;
				CLANG_WARN_INFINITE_RECURSION = YES;
				CLANG_WARN_INT_CONVERSION = YES;
				CLANG_WARN_OBJC_ROOT_CLASS = YES_ERROR;
				CLANG_WARN_SUSPICIOUS_MOVE = YES;
				CLANG_WARN_UNREACHABLE_CODE = YES;
				CLANG_WARN__DUPLICATE_METHOD_MATCH = YES;
				"CODE_SIGN_IDENTITY[sdk=iphoneos*]" = "iPhone Developer";
				COPY_PHASE_STRIP = NO;
				DEBUG_INFORMATION_FORMAT = "dwarf-with-dsym";
				ENABLE_NS_ASSERTIONS = NO;
				ENABLE_STRICT_OBJC_MSGSEND = YES;
				GCC_C_LANGUAGE_STANDARD = gnu99;
				GCC_NO_COMMON_BLOCKS = YES;
				GCC_WARN_64_TO_32_BIT_CONVERSION = YES;
				GCC_WARN_ABOUT_RETURN_TYPE = YES_ERROR;
				GCC_WARN_UNDECLARED_SELECTOR = YES;
				GCC_WARN_UNINITIALIZED_AUTOS = YES_AGGRESSIVE;
				GCC_WARN_UNUSED_FUNCTION = YES;
				GCC_WARN_UNUSED_VARIABLE = YES;
				IPHONEOS_DEPLOYMENT_TARGET = 10.3;
				MTL_ENABLE_DEBUG_INFO = NO;
				SDKROOT = iphoneos;
				SWIFT_OPTIMIZATION_LEVEL = "-Owholemodule";
				VALIDATE_PRODUCT = YES;
			};
			name = Release;
		};
		09725DF71F46AE8B00FEBAC8 /* Debug */ = {
			isa = XCBuildConfiguration;
			buildSettings = {
				ASSETCATALOG_COMPILER_APPICON_NAME = AppIcon;
				DEVELOPMENT_TEAM = 2FWNJCD9X7;
				INFOPLIST_FILE = ImageDemo/Info.plist;
				LD_RUNPATH_SEARCH_PATHS = "$(inherited) @executable_path/Frameworks";
				PRODUCT_BUNDLE_IDENTIFIER = com.beargerhunter.ImageDemo;
				PRODUCT_NAME = "$(TARGET_NAME)";
				SWIFT_VERSION = 3.0;
			};
			name = Debug;
		};
		09725DF81F46AE8B00FEBAC8 /* Release */ = {
			isa = XCBuildConfiguration;
			buildSettings = {
				ASSETCATALOG_COMPILER_APPICON_NAME = AppIcon;
				DEVELOPMENT_TEAM = 2FWNJCD9X7;
				INFOPLIST_FILE = ImageDemo/Info.plist;
				LD_RUNPATH_SEARCH_PATHS = "$(inherited) @executable_path/Frameworks";
				PRODUCT_BUNDLE_IDENTIFIER = com.beargerhunter.ImageDemo;
				PRODUCT_NAME = "$(TARGET_NAME)";
				SWIFT_VERSION = 3.0;
			};
			name = Release;
		};
/* End XCBuildConfiguration section */

/* Begin XCConfigurationList section */
		09725DDF1F46AE8A00FEBAC8 /* Build configuration list for PBXProject "ImageDemo" */ = {
			isa = XCConfigurationList;
			buildConfigurations = (
				09725DF41F46AE8B00FEBAC8 /* Debug */,
				09725DF51F46AE8B00FEBAC8 /* Release */,
			);
			defaultConfigurationIsVisible = 0;
			defaultConfigurationName = Release;
		};
		09725DF61F46AE8B00FEBAC8 /* Build configuration list for PBXNativeTarget "ImageDemo" */ = {
			isa = XCConfigurationList;
			buildConfigurations = (
				09725DF71F46AE8B00FEBAC8 /* Debug */,
				09725DF81F46AE8B00FEBAC8 /* Release */,
			);
			defaultConfigurationIsVisible = 0;
		};
/* End XCConfigurationList section */
	};
	rootObject = 09725DDC1F46AE8A00FEBAC8 /* Project object */;
}
