// !$*UTF8*$!
{
	archiveVersion = 1;
	classes = {
	};
	objectVersion = 46;
	objects = {

/* Begin PBXBuildFile section */
		097F77331F032CA500785683 /* AppDelegate.swift in Sources */ = {isa = PBXBuildFile; fileRef = 097F77321F032CA500785683 /* AppDelegate.swift */; };
		097F77351F032CA500785683 /* ViewController.swift in Sources */ = {isa = PBXBuildFile; fileRef = 097F77341F032CA500785683 /* ViewController.swift */; };
		097F773A1F032CA500785683 /* Assets.xcassets in Resources */ = {isa = PBXBuildFile; fileRef = 097F77391F032CA500785683 /* Assets.xcassets */; };
		097F773D1F032CA500785683 /* LaunchScreen.storyboard in Resources */ = {isa = PBXBuildFile; fileRef = 097F773B1F032CA500785683 /* LaunchScreen.storyboard */; };
		097F77451F032EEA00785683 /* PhotoThumbnailCollectionViewCell.swift in Sources */ = {isa = PBXBuildFile; fileRef = 097F77441F032EEA00785683 /* PhotoThumbnailCollectionViewCell.swift */; };
		097F77471F03334D00785683 /* PhotoPagerViewController.swift in Sources */ = {isa = PBXBuildFile; fileRef = 097F77461F03334D00785683 /* PhotoPagerViewController.swift */; };
		097F77491F0337C800785683 /* PhotoCommentViewController.swift in Sources */ = {isa = PBXBuildFile; fileRef = 097F77481F0337C800785683 /* PhotoCommentViewController.swift */; };
/* End PBXBuildFile section */

/* Begin PBXFileReference section */
		097F772F1F032CA500785683 /* PhotoScroll.app */ = {isa = PBXFileReference; explicitFileType = wrapper.application; includeInIndex = 0; path = PhotoScroll.app; sourceTree = BUILT_PRODUCTS_DIR; };
		097F77321F032CA500785683 /* AppDelegate.swift */ = {isa = PBXFileReference; lastKnownFileType = sourcecode.swift; path = AppDelegate.swift; sourceTree = "<group>"; };
		097F77341F032CA500785683 /* ViewController.swift */ = {isa = PBXFileReference; lastKnownFileType = sourcecode.swift; path = ViewController.swift; sourceTree = "<group>"; };
		097F77391F032CA500785683 /* Assets.xcassets */ = {isa = PBXFileReference; lastKnownFileType = folder.assetcatalog; path = Assets.xcassets; sourceTree = "<group>"; };
		097F773C1F032CA500785683 /* Base */ = {isa = PBXFileReference; lastKnownFileType = file.storyboard; name = Base; path = Base.lproj/LaunchScreen.storyboard; sourceTree = "<group>"; };
		097F773E1F032CA500785683 /* Info.plist */ = {isa = PBXFileReference; lastKnownFileType = text.plist.xml; path = Info.plist; sourceTree = "<group>"; };
		097F77441F032EEA00785683 /* PhotoThumbnailCollectionViewCell.swift */ = {isa = PBXFileReference; fileEncoding = 4; lastKnownFileType = sourcecode.swift; path = PhotoThumbnailCollectionViewCell.swift; sourceTree = "<group>"; };
		097F77461F03334D00785683 /* PhotoPagerViewController.swift */ = {isa = PBXFileReference; fileEncoding = 4; lastKnownFileType = sourcecode.swift; path = PhotoPagerViewController.swift; sourceTree = "<group>"; };
		097F77481F0337C800785683 /* PhotoCommentViewController.swift */ = {isa = PBXFileReference; fileEncoding = 4; lastKnownFileType = sourcecode.swift; path = PhotoCommentViewController.swift; sourceTree = "<group>"; };
/* End PBXFileReference section */

/* Begin PBXFrameworksBuildPhase section */
		097F772C1F032CA500785683 /* Frameworks */ = {
			isa = PBXFrameworksBuildPhase;
			buildActionMask = 2147483647;
			files = (
			);
			runOnlyForDeploymentPostprocessing = 0;
		};
/* End PBXFrameworksBuildPhase section */

/* Begin PBXGroup section */
		097F77261F032CA500785683 = {
			isa = PBXGroup;
			children = (
				097F77311F032CA500785683 /* PhotoScroll */,
				097F77301F032CA500785683 /* Products */,
			);
			sourceTree = "<group>";
		};
		097F77301F032CA500785683 /* Products */ = {
			isa = PBXGroup;
			children = (
				097F772F1F032CA500785683 /* PhotoScroll.app */,
			);
			name = Products;
			sourceTree = "<group>";
		};
		097F77311F032CA500785683 /* PhotoScroll */ = {
			isa = PBXGroup;
			children = (
				097F77321F032CA500785683 /* AppDelegate.swift */,
				097F77341F032CA500785683 /* ViewController.swift */,
				097F77391F032CA500785683 /* Assets.xcassets */,
				097F773B1F032CA500785683 /* LaunchScreen.storyboard */,
				097F773E1F032CA500785683 /* Info.plist */,
				097F77441F032EEA00785683 /* PhotoThumbnailCollectionViewCell.swift */,
				097F77461F03334D00785683 /* PhotoPagerViewController.swift */,
				097F77481F0337C800785683 /* PhotoCommentViewController.swift */,
			);
			path = PhotoScroll;
			sourceTree = "<group>";
		};
/* End PBXGroup section */

/* Begin PBXNativeTarget section */
		097F772E1F032CA500785683 /* PhotoScroll */ = {
			isa = PBXNativeTarget;
			buildConfigurationList = 097F77411F032CA500785683 /* Build configuration list for PBXNativeTarget "PhotoScroll" */;
			buildPhases = (
				097F772B1F032CA500785683 /* Sources */,
				097F772C1F032CA500785683 /* Frameworks */,
				097F772D1F032CA500785683 /* Resources */,
			);
			buildRules = (
			);
			dependencies = (
			);
			name = PhotoScroll;
			productName = PhotoScroll;
			productReference = 097F772F1F032CA500785683 /* PhotoScroll.app */;
			productType = "com.apple.product-type.application";
		};
/* End PBXNativeTarget section */

/* Begin PBXProject section */
		097F77271F032CA500785683 /* Project object */ = {
			isa = PBXProject;
			attributes = {
				LastSwiftUpdateCheck = 0830;
				LastUpgradeCheck = 0830;
				ORGANIZATIONNAME = Bear;
				TargetAttributes = {
					097F772E1F032CA500785683 = {
						CreatedOnToolsVersion = 8.3.3;
						DevelopmentTeam = 2FWNJCD9X7;
						ProvisioningStyle = Automatic;
					};
				};
			};
			buildConfigurationList = 097F772A1F032CA500785683 /* Build configuration list for PBXProject "PhotoScroll" */;
			compatibilityVersion = "Xcode 3.2";
			developmentRegion = English;
			hasScannedForEncodings = 0;
			knownRegions = (
				en,
				Base,
			);
			mainGroup = 097F77261F032CA500785683;
			productRefGroup = 097F77301F032CA500785683 /* Products */;
			projectDirPath = "";
			projectRoot = "";
			targets = (
				097F772E1F032CA500785683 /* PhotoScroll */,
			);
		};
/* End PBXProject section */

/* Begin PBXResourcesBuildPhase section */
		097F772D1F032CA500785683 /* Resources */ = {
			isa = PBXResourcesBuildPhase;
			buildActionMask = 2147483647;
			files = (
				097F773D1F032CA500785683 /* LaunchScreen.storyboard in Resources */,
				097F773A1F032CA500785683 /* Assets.xcassets in Resources */,
			);
			runOnlyForDeploymentPostprocessing = 0;
		};
/* End PBXResourcesBuildPhase section */

/* Begin PBXSourcesBuildPhase section */
		097F772B1F032CA500785683 /* Sources */ = {
			isa = PBXSourcesBuildPhase;
			buildActionMask = 2147483647;
			files = (
				097F77351F032CA500785683 /* ViewController.swift in Sources */,
				097F77471F03334D00785683 /* PhotoPagerViewController.swift in Sources */,
				097F77491F0337C800785683 /* PhotoCommentViewController.swift in Sources */,
				097F77451F032EEA00785683 /* PhotoThumbnailCollectionViewCell.swift in Sources */,
				097F77331F032CA500785683 /* AppDelegate.swift in Sources */,
			);
			runOnlyForDeploymentPostprocessing = 0;
		};
/* End PBXSourcesBuildPhase section */

/* Begin PBXVariantGroup section */
		097F773B1F032CA500785683 /* LaunchScreen.storyboard */ = {
			isa = PBXVariantGroup;
			children = (
				097F773C1F032CA500785683 /* Base */,
			);
			name = LaunchScreen.storyboard;
			sourceTree = "<group>";
		};
/* End PBXVariantGroup section */

/* Begin XCBuildConfiguration section */
		097F773F1F032CA500785683 /* Debug */ = {
			isa = XCBuildConfiguration;
			buildSettings = {
				ALWAYS_SEARCH_USER_PATHS = NO;
				CLANG_ANALYZER_NONNULL = YES;
				CLANG_ANALYZER_NUMBER_OBJECT_CONVERSION = YES_AGGRESSIVE;
				CLANG_CXX_LANGUAGE_STANDARD = "gnu++0x";
				CLANG_CXX_LIBRARY = "libc++";
				CLANG_ENABLE_MODULES = YES;
				CLANG_ENABLE_OBJC_ARC = YES;
				CLANG_WARN_BOOL_CONVERSION = YES;
				CLANG_WARN_CONSTANT_CONVERSION = YES;
				CLANG_WARN_DIRECT_OBJC_ISA_USAGE = YES_ERROR;
				CLANG_WARN_DOCUMENTATION_COMMENTS = YES;
				CLANG_WARN_EMPTY_BODY = YES;
				CLANG_WARN_ENUM_CONVERSION = YES;
				CLANG_WARN_INFINITE_RECURSION = YES;
				CLANG_WARN_INT_CONVERSION = YES;
				CLANG_WARN_OBJC_ROOT_CLASS = YES_ERROR;
				CLANG_WARN_SUSPICIOUS_MOVE = YES;
				CLANG_WARN_UNREACHABLE_CODE = YES;
				CLANG_WARN__DUPLICATE_METHOD_MATCH = YES;
				"CODE_SIGN_IDENTITY[sdk=iphoneos*]" = "iPhone Developer";
				COPY_PHASE_STRIP = NO;
				DEBUG_INFORMATION_FORMAT = dwarf;
				ENABLE_STRICT_OBJC_MSGSEND = YES;
				ENABLE_TESTABILITY = YES;
				GCC_C_LANGUAGE_STANDARD = gnu99;
				GCC_DYNAMIC_NO_PIC = NO;
				GCC_NO_COMMON_BLOCKS = YES;
				GCC_OPTIMIZATION_LEVEL = 0;
				GCC_PREPROCESSOR_DEFINITIONS = (
					"DEBUG=1",
					"$(inherited)",
				);
				GCC_WARN_64_TO_32_BIT_CONVERSION = YES;
				GCC_WARN_ABOUT_RETURN_TYPE = YES_ERROR;
				GCC_WARN_UNDECLARED_SELECTOR = YES;
				GCC_WARN_UNINITIALIZED_AUTOS = YES_AGGRESSIVE;
				GCC_WARN_UNUSED_FUNCTION = YES;
				GCC_WARN_UNUSED_VARIABLE = YES;
				IPHONEOS_DEPLOYMENT_TARGET = 10.3;
				MTL_ENABLE_DEBUG_INFO = YES;
				ONLY_ACTIVE_ARCH = YES;
				SDKROOT = iphoneos;
				SWIFT_ACTIVE_COMPILATION_CONDITIONS = DEBUG;
				SWIFT_OPTIMIZATION_LEVEL = "-Onone";
			};
			name = Debug;
		};
		097F77401F032CA500785683 /* Release */ = {
			isa = XCBuildConfiguration;
			buildSettings = {
				ALWAYS_SEARCH_USER_PATHS = NO;
				CLANG_ANALYZER_NONNULL = YES;
				CLANG_ANALYZER_NUMBER_OBJECT_CONVERSION = YES_AGGRESSIVE;
				CLANG_CXX_LANGUAGE_STANDARD = "gnu++0x";
				CLANG_CXX_LIBRARY = "libc++";
				CLANG_ENABLE_MODULES = YES;
				CLANG_ENABLE_OBJC_ARC = YES;
				CLANG_WARN_BOOL_CONVERSION = YES;
				CLANG_WARN_CONSTANT_CONVERSION = YES;
				CLANG_WARN_DIRECT_OBJC_ISA_USAGE = YES_ERROR;
				CLANG_WARN_DOCUMENTATION_COMMENTS = YES;
				CLANG_WARN_EMPTY_BODY = YES;
				CLANG_WARN_ENUM_CONVERSION = YES;
				CLANG_WARN_INFINITE_RECURSION = YES;
				CLANG_WARN_INT_CONVERSION = YES;
				CLANG_WARN_OBJC_ROOT_CLASS = YES_ERROR;
				CLANG_WARN_SUSPICIOUS_MOVE = YES;
				CLANG_WARN_UNREACHABLE_CODE = YES;
				CLANG_WARN__DUPLICATE_METHOD_MATCH = YES;
				"CODE_SIGN_IDENTITY[sdk=iphoneos*]" = "iPhone Developer";
				COPY_PHASE_STRIP = NO;
				DEBUG_INFORMATION_FORMAT = "dwarf-with-dsym";
				ENABLE_NS_ASSERTIONS = NO;
				ENABLE_STRICT_OBJC_MSGSEND = YES;
				GCC_C_LANGUAGE_STANDARD = gnu99;
				GCC_NO_COMMON_BLOCKS = YES;
				GCC_WARN_64_TO_32_BIT_CONVERSION = YES;
				GCC_WARN_ABOUT_RETURN_TYPE = YES_ERROR;
				GCC_WARN_UNDECLARED_SELECTOR = YES;
				GCC_WARN_UNINITIALIZED_AUTOS = YES_AGGRESSIVE;
				GCC_WARN_UNUSED_FUNCTION = YES;
				GCC_WARN_UNUSED_VARIABLE = YES;
				IPHONEOS_DEPLOYMENT_TARGET = 10.3;
				MTL_ENABLE_DEBUG_INFO = NO;
				SDKROOT = iphoneos;
				SWIFT_OPTIMIZATION_LEVEL = "-Owholemodule";
				VALIDATE_PRODUCT = YES;
			};
			name = Release;
		};
		097F77421F032CA500785683 /* Debug */ = {
			isa = XCBuildConfiguration;
			buildSettings = {
				ASSETCATALOG_COMPILER_APPICON_NAME = AppIcon;
				DEVELOPMENT_TEAM = 2FWNJCD9X7;
				INFOPLIST_FILE = PhotoScroll/Info.plist;
				LD_RUNPATH_SEARCH_PATHS = "$(inherited) @executable_path/Frameworks";
				PRODUCT_BUNDLE_IDENTIFIER = com.beargerhunter.PhotoScroll;
				PRODUCT_NAME = "$(TARGET_NAME)";
				SWIFT_VERSION = 3.0;
			};
			name = Debug;
		};
		097F77431F032CA500785683 /* Release */ = {
			isa = XCBuildConfiguration;
			buildSettings = {
				ASSETCATALOG_COMPILER_APPICON_NAME = AppIcon;
				DEVELOPMENT_TEAM = 2FWNJCD9X7;
				INFOPLIST_FILE = PhotoScroll/Info.plist;
				LD_RUNPATH_SEARCH_PATHS = "$(inherited) @executable_path/Frameworks";
				PRODUCT_BUNDLE_IDENTIFIER = com.beargerhunter.PhotoScroll;
				PRODUCT_NAME = "$(TARGET_NAME)";
				SWIFT_VERSION = 3.0;
			};
			name = Release;
		};
/* End XCBuildConfiguration section */

/* Begin XCConfigurationList section */
		097F772A1F032CA500785683 /* Build configuration list for PBXProject "PhotoScroll" */ = {
			isa = XCConfigurationList;
			buildConfigurations = (
				097F773F1F032CA500785683 /* Debug */,
				097F77401F032CA500785683 /* Release */,
			);
			defaultConfigurationIsVisible = 0;
			defaultConfigurationName = Release;
		};
		097F77411F032CA500785683 /* Build configuration list for PBXNativeTarget "PhotoScroll" */ = {
			isa = XCConfigurationList;
			buildConfigurations = (
				097F77421F032CA500785683 /* Debug */,
				097F77431F032CA500785683 /* Release */,
			);
			defaultConfigurationIsVisible = 0;
		};
/* End XCConfigurationList section */
	};
	rootObject = 097F77271F032CA500785683 /* Project object */;
}
