// !$*UTF8*$!
{
	archiveVersion = 1;
	classes = {
	};
	objectVersion = 46;
	objects = {

/* Begin PBXBuildFile section */
		09CD41341EF20CDA00890776 /* AppDelegate.swift in Sources */ = {isa = PBXBuildFile; fileRef = 09CD41331EF20CDA00890776 /* AppDelegate.swift */; };
		09CD41361EF20CDA00890776 /* ViewController.swift in Sources */ = {isa = PBXBuildFile; fileRef = 09CD41351EF20CDA00890776 /* ViewController.swift */; };
		09CD413B1EF20CDA00890776 /* Assets.xcassets in Resources */ = {isa = PBXBuildFile; fileRef = 09CD413A1EF20CDA00890776 /* Assets.xcassets */; };
		09CD413E1EF20CDA00890776 /* LaunchScreen.storyboard in Resources */ = {isa = PBXBuildFile; fileRef = 09CD413C1EF20CDA00890776 /* LaunchScreen.storyboard */; };
		A57933371EF6BCBC00F99C10 /* AboutMeViewController.swift in Sources */ = {isa = PBXBuildFile; fileRef = A57933361EF6BCBC00F99C10 /* AboutMeViewController.swift */; };
		A57933391EF6BFEC00F99C10 /* Product.swift in Sources */ = {isa = PBXBuildFile; fileRef = A57933381EF6BFEC00F99C10 /* Product.swift */; };
		A5FEEE3A1EF7FF7E0054ABB1 /* PhoneDetail.swift in Sources */ = {isa = PBXBuildFile; fileRef = A5FEEE391EF7FF7E0054ABB1 /* PhoneDetail.swift */; };
/* End PBXBuildFile section */

/* Begin PBXFileReference section */
		09CD41301EF20CDA00890776 /* PhoneHistory.app */ = {isa = PBXFileReference; explicitFileType = wrapper.application; includeInIndex = 0; path = PhoneHistory.app; sourceTree = BUILT_PRODUCTS_DIR; };
		09CD41331EF20CDA00890776 /* AppDelegate.swift */ = {isa = PBXFileReference; lastKnownFileType = sourcecode.swift; path = AppDelegate.swift; sourceTree = "<group>"; };
		09CD41351EF20CDA00890776 /* ViewController.swift */ = {isa = PBXFileReference; lastKnownFileType = sourcecode.swift; path = ViewController.swift; sourceTree = "<group>"; };
		09CD413A1EF20CDA00890776 /* Assets.xcassets */ = {isa = PBXFileReference; lastKnownFileType = folder.assetcatalog; path = Assets.xcassets; sourceTree = "<group>"; };
		09CD413D1EF20CDA00890776 /* Base */ = {isa = PBXFileReference; lastKnownFileType = file.storyboard; name = Base; path = Base.lproj/LaunchScreen.storyboard; sourceTree = "<group>"; };
		09CD413F1EF20CDA00890776 /* Info.plist */ = {isa = PBXFileReference; lastKnownFileType = text.plist.xml; path = Info.plist; sourceTree = "<group>"; };
		A57933361EF6BCBC00F99C10 /* AboutMeViewController.swift */ = {isa = PBXFileReference; fileEncoding = 4; lastKnownFileType = sourcecode.swift; path = AboutMeViewController.swift; sourceTree = "<group>"; };
		A57933381EF6BFEC00F99C10 /* Product.swift */ = {isa = PBXFileReference; fileEncoding = 4; lastKnownFileType = sourcecode.swift; path = Product.swift; sourceTree = "<group>"; };
		A5FEEE391EF7FF7E0054ABB1 /* PhoneDetail.swift */ = {isa = PBXFileReference; fileEncoding = 4; lastKnownFileType = sourcecode.swift; path = PhoneDetail.swift; sourceTree = "<group>"; };
/* End PBXFileReference section */

/* Begin PBXFrameworksBuildPhase section */
		09CD412D1EF20CDA00890776 /* Frameworks */ = {
			isa = PBXFrameworksBuildPhase;
			buildActionMask = 2147483647;
			files = (
			);
			runOnlyForDeploymentPostprocessing = 0;
		};
/* End PBXFrameworksBuildPhase section */

/* Begin PBXGroup section */
		09CD41271EF20CDA00890776 = {
			isa = PBXGroup;
			children = (
				09CD41321EF20CDA00890776 /* PhoneHistory */,
				09CD41311EF20CDA00890776 /* Products */,
			);
			sourceTree = "<group>";
		};
		09CD41311EF20CDA00890776 /* Products */ = {
			isa = PBXGroup;
			children = (
				09CD41301EF20CDA00890776 /* PhoneHistory.app */,
			);
			name = Products;
			sourceTree = "<group>";
		};
		09CD41321EF20CDA00890776 /* PhoneHistory */ = {
			isa = PBXGroup;
			children = (
				09CD41331EF20CDA00890776 /* AppDelegate.swift */,
				09CD41351EF20CDA00890776 /* ViewController.swift */,
				A57933361EF6BCBC00F99C10 /* AboutMeViewController.swift */,
				09CD413A1EF20CDA00890776 /* Assets.xcassets */,
				09CD413C1EF20CDA00890776 /* LaunchScreen.storyboard */,
				09CD413F1EF20CDA00890776 /* Info.plist */,
				A57933381EF6BFEC00F99C10 /* Product.swift */,
				A5FEEE391EF7FF7E0054ABB1 /* PhoneDetail.swift */,
			);
			path = PhoneHistory;
			sourceTree = "<group>";
		};
/* End PBXGroup section */

/* Begin PBXNativeTarget section */
		09CD412F1EF20CDA00890776 /* PhoneHistory */ = {
			isa = PBXNativeTarget;
			buildConfigurationList = 09CD41421EF20CDA00890776 /* Build configuration list for PBXNativeTarget "PhoneHistory" */;
			buildPhases = (
				09CD412C1EF20CDA00890776 /* Sources */,
				09CD412D1EF20CDA00890776 /* Frameworks */,
				09CD412E1EF20CDA00890776 /* Resources */,
			);
			buildRules = (
			);
			dependencies = (
			);
			name = PhoneHistory;
			productName = PhoneHistory;
			productReference = 09CD41301EF20CDA00890776 /* PhoneHistory.app */;
			productType = "com.apple.product-type.application";
		};
/* End PBXNativeTarget section */

/* Begin PBXProject section */
		09CD41281EF20CDA00890776 /* Project object */ = {
			isa = PBXProject;
			attributes = {
				LastSwiftUpdateCheck = 0830;
				LastUpgradeCheck = 0830;
				ORGANIZATIONNAME = Bear;
				TargetAttributes = {
					09CD412F1EF20CDA00890776 = {
						CreatedOnToolsVersion = 8.3.3;
						DevelopmentTeam = 2FWNJCD9X7;
						ProvisioningStyle = Automatic;
					};
				};
			};
			buildConfigurationList = 09CD412B1EF20CDA00890776 /* Build configuration list for PBXProject "PhoneHistory" */;
			compatibilityVersion = "Xcode 3.2";
			developmentRegion = English;
			hasScannedForEncodings = 0;
			knownRegions = (
				en,
				Base,
			);
			mainGroup = 09CD41271EF20CDA00890776;
			productRefGroup = 09CD41311EF20CDA00890776 /* Products */;
			projectDirPath = "";
			projectRoot = "";
			targets = (
				09CD412F1EF20CDA00890776 /* PhoneHistory */,
			);
		};
/* End PBXProject section */

/* Begin PBXResourcesBuildPhase section */
		09CD412E1EF20CDA00890776 /* Resources */ = {
			isa = PBXResourcesBuildPhase;
			buildActionMask = 2147483647;
			files = (
				09CD413E1EF20CDA00890776 /* LaunchScreen.storyboard in Resources */,
				09CD413B1EF20CDA00890776 /* Assets.xcassets in Resources */,
			);
			runOnlyForDeploymentPostprocessing = 0;
		};
/* End PBXResourcesBuildPhase section */

/* Begin PBXSourcesBuildPhase section */
		09CD412C1EF20CDA00890776 /* Sources */ = {
			isa = PBXSourcesBuildPhase;
			buildActionMask = 2147483647;
			files = (
				A5FEEE3A1EF7FF7E0054ABB1 /* PhoneDetail.swift in Sources */,
				09CD41361EF20CDA00890776 /* ViewController.swift in Sources */,
				A57933391EF6BFEC00F99C10 /* Product.swift in Sources */,
				A57933371EF6BCBC00F99C10 /* AboutMeViewController.swift in Sources */,
				09CD41341EF20CDA00890776 /* AppDelegate.swift in Sources */,
			);
			runOnlyForDeploymentPostprocessing = 0;
		};
/* End PBXSourcesBuildPhase section */

/* Begin PBXVariantGroup section */
		09CD413C1EF20CDA00890776 /* LaunchScreen.storyboard */ = {
			isa = PBXVariantGroup;
			children = (
				09CD413D1EF20CDA00890776 /* Base */,
			);
			name = LaunchScreen.storyboard;
			sourceTree = "<group>";
		};
/* End PBXVariantGroup section */

/* Begin XCBuildConfiguration section */
		09CD41401EF20CDA00890776 /* Debug */ = {
			isa = XCBuildConfiguration;
			buildSettings = {
				ALWAYS_SEARCH_USER_PATHS = NO;
				CLANG_ANALYZER_NONNULL = YES;
				CLANG_ANALYZER_NUMBER_OBJECT_CONVERSION = YES_AGGRESSIVE;
				CLANG_CXX_LANGUAGE_STANDARD = "gnu++0x";
				CLANG_CXX_LIBRARY = "libc++";
				CLANG_ENABLE_MODULES = YES;
				CLANG_ENABLE_OBJC_ARC = YES;
				CLANG_WARN_BOOL_CONVERSION = YES;
				CLANG_WARN_CONSTANT_CONVERSION = YES;
				CLANG_WARN_DIRECT_OBJC_ISA_USAGE = YES_ERROR;
				CLANG_WARN_DOCUMENTATION_COMMENTS = YES;
				CLANG_WARN_EMPTY_BODY = YES;
				CLANG_WARN_ENUM_CONVERSION = YES;
				CLANG_WARN_INFINITE_RECURSION = YES;
				CLANG_WARN_INT_CONVERSION = YES;
				CLANG_WARN_OBJC_ROOT_CLASS = YES_ERROR;
				CLANG_WARN_SUSPICIOUS_MOVE = YES;
				CLANG_WARN_UNREACHABLE_CODE = YES;
				CLANG_WARN__DUPLICATE_METHOD_MATCH = YES;
				"CODE_SIGN_IDENTITY[sdk=iphoneos*]" = "iPhone Developer";
				COPY_PHASE_STRIP = NO;
				DEBUG_INFORMATION_FORMAT = dwarf;
				ENABLE_STRICT_OBJC_MSGSEND = YES;
				ENABLE_TESTABILITY = YES;
				GCC_C_LANGUAGE_STANDARD = gnu99;
				GCC_DYNAMIC_NO_PIC = NO;
				GCC_NO_COMMON_BLOCKS = YES;
				GCC_OPTIMIZATION_LEVEL = 0;
				GCC_PREPROCESSOR_DEFINITIONS = (
					"DEBUG=1",
					"$(inherited)",
				);
				GCC_WARN_64_TO_32_BIT_CONVERSION = YES;
				GCC_WARN_ABOUT_RETURN_TYPE = YES_ERROR;
				GCC_WARN_UNDECLARED_SELECTOR = YES;
				GCC_WARN_UNINITIALIZED_AUTOS = YES_AGGRESSIVE;
				GCC_WARN_UNUSED_FUNCTION = YES;
				GCC_WARN_UNUSED_VARIABLE = YES;
				IPHONEOS_DEPLOYMENT_TARGET = 10.3;
				MTL_ENABLE_DEBUG_INFO = YES;
				ONLY_ACTIVE_ARCH = YES;
				SDKROOT = iphoneos;
				SWIFT_ACTIVE_COMPILATION_CONDITIONS = DEBUG;
				SWIFT_OPTIMIZATION_LEVEL = "-Onone";
			};
			name = Debug;
		};
		09CD41411EF20CDA00890776 /* Release */ = {
			isa = XCBuildConfiguration;
			buildSettings = {
				ALWAYS_SEARCH_USER_PATHS = NO;
				CLANG_ANALYZER_NONNULL = YES;
				CLANG_ANALYZER_NUMBER_OBJECT_CONVERSION = YES_AGGRESSIVE;
				CLANG_CXX_LANGUAGE_STANDARD = "gnu++0x";
				CLANG_CXX_LIBRARY = "libc++";
				CLANG_ENABLE_MODULES = YES;
				CLANG_ENABLE_OBJC_ARC = YES;
				CLANG_WARN_BOOL_CONVERSION = YES;
				CLANG_WARN_CONSTANT_CONVERSION = YES;
				CLANG_WARN_DIRECT_OBJC_ISA_USAGE = YES_ERROR;
				CLANG_WARN_DOCUMENTATION_COMMENTS = YES;
				CLANG_WARN_EMPTY_BODY = YES;
				CLANG_WARN_ENUM_CONVERSION = YES;
				CLANG_WARN_INFINITE_RECURSION = YES;
				CLANG_WARN_INT_CONVERSION = YES;
				CLANG_WARN_OBJC_ROOT_CLASS = YES_ERROR;
				CLANG_WARN_SUSPICIOUS_MOVE = YES;
				CLANG_WARN_UNREACHABLE_CODE = YES;
				CLANG_WARN__DUPLICATE_METHOD_MATCH = YES;
				"CODE_SIGN_IDENTITY[sdk=iphoneos*]" = "iPhone Developer";
				COPY_PHASE_STRIP = NO;
				DEBUG_INFORMATION_FORMAT = "dwarf-with-dsym";
				ENABLE_NS_ASSERTIONS = NO;
				ENABLE_STRICT_OBJC_MSGSEND = YES;
				GCC_C_LANGUAGE_STANDARD = gnu99;
				GCC_NO_COMMON_BLOCKS = YES;
				GCC_WARN_64_TO_32_BIT_CONVERSION = YES;
				GCC_WARN_ABOUT_RETURN_TYPE = YES_ERROR;
				GCC_WARN_UNDECLARED_SELECTOR = YES;
				GCC_WARN_UNINITIALIZED_AUTOS = YES_AGGRESSIVE;
				GCC_WARN_UNUSED_FUNCTION = YES;
				GCC_WARN_UNUSED_VARIABLE = YES;
				IPHONEOS_DEPLOYMENT_TARGET = 10.3;
				MTL_ENABLE_DEBUG_INFO = NO;
				SDKROOT = iphoneos;
				SWIFT_OPTIMIZATION_LEVEL = "-Owholemodule";
				VALIDATE_PRODUCT = YES;
			};
			name = Release;
		};
		09CD41431EF20CDA00890776 /* Debug */ = {
			isa = XCBuildConfiguration;
			buildSettings = {
				ASSETCATALOG_COMPILER_APPICON_NAME = AppIcon;
				DEVELOPMENT_TEAM = 2FWNJCD9X7;
				INFOPLIST_FILE = PhoneHistory/Info.plist;
				LD_RUNPATH_SEARCH_PATHS = "$(inherited) @executable_path/Frameworks";
				PRODUCT_BUNDLE_IDENTIFIER = com.beargerhunter.PhoneHistory;
				PRODUCT_NAME = "$(TARGET_NAME)";
				SWIFT_VERSION = 3.0;
			};
			name = Debug;
		};
		09CD41441EF20CDA00890776 /* Release */ = {
			isa = XCBuildConfiguration;
			buildSettings = {
				ASSETCATALOG_COMPILER_APPICON_NAME = AppIcon;
				DEVELOPMENT_TEAM = 2FWNJCD9X7;
				INFOPLIST_FILE = PhoneHistory/Info.plist;
				LD_RUNPATH_SEARCH_PATHS = "$(inherited) @executable_path/Frameworks";
				PRODUCT_BUNDLE_IDENTIFIER = com.beargerhunter.PhoneHistory;
				PRODUCT_NAME = "$(TARGET_NAME)";
				SWIFT_VERSION = 3.0;
			};
			name = Release;
		};
/* End XCBuildConfiguration section */

/* Begin XCConfigurationList section */
		09CD412B1EF20CDA00890776 /* Build configuration list for PBXProject "PhoneHistory" */ = {
			isa = XCConfigurationList;
			buildConfigurations = (
				09CD41401EF20CDA00890776 /* Debug */,
				09CD41411EF20CDA00890776 /* Release */,
			);
			defaultConfigurationIsVisible = 0;
			defaultConfigurationName = Release;
		};
		09CD41421EF20CDA00890776 /* Build configuration list for PBXNativeTarget "PhoneHistory" */ = {
			isa = XCConfigurationList;
			buildConfigurations = (
				09CD41431EF20CDA00890776 /* Debug */,
				09CD41441EF20CDA00890776 /* Release */,
			);
			defaultConfigurationIsVisible = 0;
			defaultConfigurationName = Release;
		};
/* End XCConfigurationList section */
	};
	rootObject = 09CD41281EF20CDA00890776 /* Project object */;
}
